
Microsoft Visual Studio Solution File, Format Version 12.00
# Visual Studio Version 16
VisualStudioVersion = 16.0.30709.132
MinimumVisualStudioVersion = 10.0.40219.1
Project("{9A19103F-16F7-4668-BE54-9A1E7A4F7556}") = "BtcInvestmentInc.Server", "BtcInvestmentInc\Server\BtcInvestmentInc.Server.csproj", "{E084B2AE-71F0-4255-AC91-017073137F7F}"
EndProject
Project("{9A19103F-16F7-4668-BE54-9A1E7A4F7556}") = "BtcInvestmentInc.Client", "BtcInvestmentInc\Client\BtcInvestmentInc.Client.csproj", "{0AAF827F-3C81-48EF-BFD4-D32A013F4AD3}"
EndProject
Project("{9A19103F-16F7-4668-BE54-9A1E7A4F7556}") = "BtcInvestmentInc.Shared", "BtcInvestmentInc\Shared\BtcInvestmentInc.Shared.csproj", "{9E2C77E6-96A9-47DC-9D6F-5745F7BAAF86}"
EndProject
Global
	GlobalSection(SolutionConfigurationPlatforms) = preSolution
		Debug|Any CPU = Debug|Any CPU
		Release|Any CPU = Release|Any CPU
	EndGlobalSection
	GlobalSection(ProjectConfigurationPlatforms) = postSolution
		{E084B2AE-71F0-4255-AC91-017073137F7F}.Debug|Any CPU.ActiveCfg = Debug|Any CPU
		{E084B2AE-71F0-4255-AC91-017073137F7F}.Debug|Any CPU.Build.0 = Debug|Any CPU
		{E084B2AE-71F0-4255-AC91-017073137F7F}.Release|Any CPU.ActiveCfg = Release|Any CPU
		{E084B2AE-71F0-4255-AC91-017073137F7F}.Release|Any CPU.Build.0 = Release|Any CPU
		{0AAF827F-3C81-48EF-BFD4-D32A013F4AD3}.Debug|Any CPU.ActiveCfg = Debug|Any CPU
		{0AAF827F-3C81-48EF-BFD4-D32A013F4AD3}.Debug|Any CPU.Build.0 = Debug|Any CPU
		{0AAF827F-3C81-48EF-BFD4-D32A013F4AD3}.Release|Any CPU.ActiveCfg = Release|Any CPU
		{0AAF827F-3C81-48EF-BFD4-D32A013F4AD3}.Release|Any CPU.Build.0 = Release|Any CPU
		{9E2C77E6-96A9-47DC-9D6F-5745F7BAAF86}.Debug|Any CPU.ActiveCfg = Debug|Any CPU
		{9E2C77E6-96A9-47DC-9D6F-5745F7BAAF86}.Debug|Any CPU.Build.0 = Debug|Any CPU
		{9E2C77E6-96A9-47DC-9D6F-5745F7BAAF86}.Release|Any CPU.ActiveCfg = Release|Any CPU
		{9E2C77E6-96A9-47DC-9D6F-5745F7BAAF86}.Release|Any CPU.Build.0 = Release|Any CPU
	EndGlobalSection
	GlobalSection(SolutionProperties) = preSolution
		HideSolutionNode = FALSE
	EndGlobalSection
	GlobalSection(ExtensibilityGlobals) = postSolution
		SolutionGuid = {4C7AB691-7BD4-4D73-A54C-BCCF97213049}
	EndGlobalSection
EndGlobal
